{
    "requires": true,
    "lockfileVersion": 1,
    "dependencies": {
        "async": {
            "version": "0.2.10",
            "resolved": "https://registry.npmjs.org/async/-/async-0.2.10.tgz",
            "integrity": "sha1-trvgsGdLnXGXCMo43owjfLUmw9E="
        },
        "bayes_fixed": {
            "version": "0.0.6",
            "resolved": "https://registry.npmjs.org/bayes_fixed/-/bayes_fixed-0.0.6.tgz",
            "integrity": "sha1-s++uIEt872BGJrS/8ocGDkNfwbc="
        },
        "bluebird": {
            "version": "3.5.1",
            "resolved": "https://registry.npmjs.org/bluebird/-/bluebird-3.5.1.tgz",
            "integrity": "sha512-MKiLiV+I1AA596t9w1sQJ8jkiSr5+ZKi0WKrYGUn6d1Fx+Ij4tIj+m2WMQSGczs5jZVxV339chE8iwk6F64wjA=="
        },
        "complex.js": {
            "version": "2.0.4",
            "resolved": "https://registry.npmjs.org/complex.js/-/complex.js-2.0.4.tgz",
            "integrity": "sha512-Syl95HpxUTS0QjwNxencZsKukgh1zdS9uXeXX2Us0pHaqBR6kiZZi0AkZ9VpZFwHJyVIUVzI4EumjWdXP3fy6w=="
        },
        "core-util-is": {
            "version": "1.0.2",
            "resolved": "https://registry.npmjs.org/core-util-is/-/core-util-is-1.0.2.tgz",
            "integrity": "sha1-tf1UIgqivFq1eqtxQMlAdUUDwac="
        },
        "debug": {
            "version": "2.6.9",
            "resolved": "https://registry.npmjs.org/debug/-/debug-2.6.9.tgz",
            "integrity": "sha512-bC7ElrdJaJnPbAP+1EotYvqZsb3ecl5wi6Bfi6BJTUcNowp6cvspg0jXznRTKDjm/E7AdgFBVeAPVMNcKGsHMA==",
            "requires": {
                "ms": "2.0.0"
            }
        },
        "decimal.js": {
            "version": "7.2.3",
            "resolved": "https://registry.npmjs.org/decimal.js/-/decimal.js-7.2.3.tgz",
            "integrity": "sha512-AoFI37QS0S87Ft0r3Bdz4q9xSpm1Paa9lSeKLXgMPk/u/+QPIM5Gy4DHcZQS1seqPJH4gHLauPGn347z0HbsrA=="
        },
        "duplexer": {
            "version": "0.1.1",
            "resolved": "https://registry.npmjs.org/duplexer/-/duplexer-0.1.1.tgz",
            "integrity": "sha1-rOb/gIwc5mtX0ev5eXessCM0z8E="
        },
        "event-stream": {
            "version": "3.3.4",
            "resolved": "https://registry.npmjs.org/event-stream/-/event-stream-3.3.4.tgz",
            "integrity": "sha1-SrTJoPWlTbkzi0w02Gv86PSzVXE=",
            "requires": {
                "duplexer": "0.1.1",
                "from": "0.1.7",
                "map-stream": "0.1.0",
                "pause-stream": "0.0.11",
                "split": "0.3.3",
                "stream-combiner": "0.0.4",
                "through": "2.3.8"
            }
        },
        "fraction.js": {
            "version": "4.0.2",
            "resolved": "https://registry.npmjs.org/fraction.js/-/fraction.js-4.0.2.tgz",
            "integrity": "sha512-OswcigOSil3vYXgrPSx4NCaSyPikXqVNYN/4CyhS0ucVOJ4GVYr6KQQLLcAudvS/4bBOzxqJ3XIsFaaMjl98ZQ=="
        },
        "from": {
            "version": "0.1.7",
            "resolved": "https://registry.npmjs.org/from/-/from-0.1.7.tgz",
            "integrity": "sha1-g8YK/Fi5xWmXAH7Rp2izqzA6RP4="
        },
        "inherits": {
            "version": "2.0.3",
            "resolved": "https://registry.npmjs.org/inherits/-/inherits-2.0.3.tgz",
            "integrity": "sha1-Yzwsg+PaQqUC9SRmAiSA9CCCYd4="
        },
        "isarray": {
            "version": "1.0.0",
            "resolved": "https://registry.npmjs.org/isarray/-/isarray-1.0.0.tgz",
            "integrity": "sha1-u5NdSFgsuhaMBoNJV6VKPgcSTxE="
        },
        "javascript-natural-sort": {
            "version": "0.7.1",
            "resolved": "https://registry.npmjs.org/javascript-natural-sort/-/javascript-natural-sort-0.7.1.tgz",
            "integrity": "sha1-+eIwPUUH9tdDVac2ZNFED7Wg71k="
        },
        "lodash": {
            "version": "4.17.4",
            "resolved": "https://registry.npmjs.org/lodash/-/lodash-4.17.4.tgz",
            "integrity": "sha1-eCA6TRwyiuHYbcpkYONptX9AVa4="
        },
        "map-stream": {
            "version": "0.1.0",
            "resolved": "https://registry.npmjs.org/map-stream/-/map-stream-0.1.0.tgz",
            "integrity": "sha1-5WqpTEyAVaFkBKBnS3jyFffI4ZQ="
        },
        "mathjs": {
            "version": "3.16.5",
            "resolved": "https://registry.npmjs.org/mathjs/-/mathjs-3.16.5.tgz",
            "integrity": "sha1-11pSZUNdKCSwZ7N6R4dx3uv2qsw=",
            "requires": {
                "complex.js": "2.0.4",
                "decimal.js": "7.2.3",
                "fraction.js": "4.0.2",
                "javascript-natural-sort": "0.7.1",
                "seed-random": "2.2.0",
                "tiny-emitter": "2.0.0",
                "typed-function": "0.10.5"
            }
        },
        "ms": {
            "version": "2.0.0",
            "resolved": "https://registry.npmjs.org/ms/-/ms-2.0.0.tgz",
            "integrity": "sha1-VgiurfwAvmwpAd9fmGF4jeDVl8g="
        },
        "nlp-toolkit": {
            "version": "0.2.6",
            "resolved": "https://registry.npmjs.org/nlp-toolkit/-/nlp-toolkit-0.2.6.tgz",
            "integrity": "sha1-yeCAfy5UEDnPo1yX7ogZ1xyJAQM=",
            "requires": {
                "bayes_fixed": "0.0.6",
                "bluebird": "3.5.1",
                "debug": "2.6.9",
                "event-stream": "3.3.4",
                "lodash": "4.17.4",
                "mathjs": "3.16.5",
                "snowball-stemmer.jsx": "0.2.3",
                "through2": "2.0.3"
            }
        },
        "pause-stream": {
            "version": "0.0.11",
            "resolved": "https://registry.npmjs.org/pause-stream/-/pause-stream-0.0.11.tgz",
            "integrity": "sha1-/lo0sMvOErWqaitAPuLnO2AvFEU=",
            "requires": {
                "through": "2.3.8"
            }
        },
        "process-nextick-args": {
            "version": "1.0.7",
            "resolved": "https://registry.npmjs.org/process-nextick-args/-/process-nextick-args-1.0.7.tgz",
            "integrity": "sha1-FQ4gt1ZZCtP5EJPyWk8q2L/zC6M="
        },
        "readable-stream": {
            "version": "2.3.3",
            "resolved": "https://registry.npmjs.org/readable-stream/-/readable-stream-2.3.3.tgz",
            "integrity": "sha512-m+qzzcn7KUxEmd1gMbchF+Y2eIUbieUaxkWtptyHywrX0rE8QEYqPC07Vuy4Wm32/xE16NcdBctb8S0Xe/5IeQ==",
            "requires": {
                "core-util-is": "1.0.2",
                "inherits": "2.0.3",
                "isarray": "1.0.0",
                "process-nextick-args": "1.0.7",
                "safe-buffer": "5.1.1",
                "string_decoder": "1.0.3",
                "util-deprecate": "1.0.2"
            }
        },
        "safe-buffer": {
            "version": "5.1.1",
            "resolved": "https://registry.npmjs.org/safe-buffer/-/safe-buffer-5.1.1.tgz",
            "integrity": "sha512-kKvNJn6Mm93gAczWVJg7wH+wGYWNrDHdWvpUmHyEsgCtIwwo3bqPtV4tR5tuPaUhTOo/kvhVwd8XwwOllGYkbg=="
        },
        "seed-random": {
            "version": "2.2.0",
            "resolved": "https://registry.npmjs.org/seed-random/-/seed-random-2.2.0.tgz",
            "integrity": "sha1-KpsZ4lCoFwmSMaW5mk2vgLf77VQ="
        },
        "snowball-stemmer.jsx": {
            "version": "0.2.3",
            "resolved": "https://registry.npmjs.org/snowball-stemmer.jsx/-/snowball-stemmer.jsx-0.2.3.tgz",
            "integrity": "sha1-7C1Bq6ZUrZMy0+e2Vc+C6pwfDNw="
        },
        "split": {
            "version": "0.3.3",
            "resolved": "https://registry.npmjs.org/split/-/split-0.3.3.tgz",
            "integrity": "sha1-zQ7qXmOiEd//frDwkcQTPi0N0o8=",
            "requires": {
                "through": "2.3.8"
            }
        },
        "stream-combiner": {
            "version": "0.0.4",
            "resolved": "https://registry.npmjs.org/stream-combiner/-/stream-combiner-0.0.4.tgz",
            "integrity": "sha1-TV5DPBhSYd3mI8o/RMWGvPXErRQ=",
            "requires": {
                "duplexer": "0.1.1"
            }
        },
        "string_decoder": {
            "version": "1.0.3",
            "resolved": "https://registry.npmjs.org/string_decoder/-/string_decoder-1.0.3.tgz",
            "integrity": "sha512-4AH6Z5fzNNBcH+6XDMfA/BTt87skxqJlO0lAh3Dker5zThcAxG6mKz+iGu308UKoPPQ8Dcqx/4JhujzltRa+hQ==",
            "requires": {
                "safe-buffer": "5.1.1"
            }
        },
        "through": {
            "version": "2.3.8",
            "resolved": "https://registry.npmjs.org/through/-/through-2.3.8.tgz",
            "integrity": "sha1-DdTJ/6q8NXlgsbckEV1+Doai4fU="
        },
        "through2": {
            "version": "2.0.3",
            "resolved": "https://registry.npmjs.org/through2/-/through2-2.0.3.tgz",
            "integrity": "sha1-AARWmzfHx0ujnEPzzteNGtlBQL4=",
            "requires": {
                "readable-stream": "2.3.3",
                "xtend": "4.0.1"
            }
        },
        "tiny-emitter": {
            "version": "2.0.0",
            "resolved": "https://registry.npmjs.org/tiny-emitter/-/tiny-emitter-2.0.0.tgz",
            "integrity": "sha1-utMnrbGAS0KiMa+nQVMr2ITNCa0="
        },
        "typed-function": {
            "version": "0.10.5",
            "resolved": "https://registry.npmjs.org/typed-function/-/typed-function-0.10.5.tgz",
            "integrity": "sha1-Lg8Yq9BlIZ+raUpEamXG0ZgYMsA="
        },
        "util-deprecate": {
            "version": "1.0.2",
            "resolved": "https://registry.npmjs.org/util-deprecate/-/util-deprecate-1.0.2.tgz",
            "integrity": "sha1-RQ1Nyfpw3nMnYvvS1KKJgUGaDM8="
        },
        "wordnet": {
            "version": "0.1.2",
            "resolved": "https://registry.npmjs.org/wordnet/-/wordnet-0.1.2.tgz",
            "integrity": "sha1-Vg5D0o0Op/ctf4H/qXsh4q7rOuU=",
            "requires": {
                "async": "0.2.10"
            }
        },
        "xtend": {
            "version": "4.0.1",
            "resolved": "https://registry.npmjs.org/xtend/-/xtend-4.0.1.tgz",
            "integrity": "sha1-pcbVMr5lbiPbgg77lDofBJmNY68="
        }
    }
}
